Microsoft Visual Studio Solution File, Format Version 12.00
# Visual Studio Version 17
VisualStudioVersion = 17.5.2.0
MinimumVisualStudioVersion = 10.0.40219.1
Project("{FAE04EC0-301F-11D3-BF4B-00C04F79EFBC}") = "MuOnlineConsole", "MuOnlineConsole.csproj", "{40DB804B-2120-B2AD-9155-ACBA8BDE5E3D}"
EndProject
Global
	GlobalSection(SolutionConfigurationPlatforms) = preSolution
		Debug|Any CPU = Debug|Any CPU
		Release|Any CPU = Release|Any CPU
	EndGlobalSection
	GlobalSection(ProjectConfigurationPlatforms) = postSolution
		{40DB804B-2120-B2AD-9155-ACBA8BDE5E3D}.Debug|Any CPU.ActiveCfg = Debug|Any CPU
		{40DB804B-2120-B2AD-9155-ACBA8BDE5E3D}.Debug|Any CPU.Build.0 = Debug|Any CPU
		{40DB804B-2120-B2AD-9155-ACBA8BDE5E3D}.Release|Any CPU.ActiveCfg = Release|Any CPU
		{40DB804B-2120-B2AD-9155-ACBA8BDE5E3D}.Release|Any CPU.Build.0 = Release|Any CPU
	EndGlobalSection
	GlobalSection(SolutionProperties) = preSolution
		HideSolutionNode = FALSE
	EndGlobalSection
	GlobalSection(ExtensibilityGlobals) = postSolution
		SolutionGuid = {530964A1-16AE-4678-80FB-9797BAA57B57}
	EndGlobalSection
EndGlobal
